
Microsoft Visual Studio Solution File, Format Version 12.00
# Visual Studio Version 17
VisualStudioVersion = 17.8.34330.188
MinimumVisualStudioVersion = 10.0.40219.1
Project("{8BC9CEB8-8B4A-11D0-8D11-00A0C91BC942}") = "基于多态的职工管理系统", "基于多态的职工管理系统\基于多态的职工管理系统.vcxproj", "{52D0D1FF-E9E8-40D4-9CBF-E888E4396015}"
EndProject
Global
	GlobalSection(SolutionConfigurationPlatforms) = preSolution
		Debug|x64 = Debug|x64
		Debug|x86 = Debug|x86
		Release|x64 = Release|x64
		Release|x86 = Release|x86
	EndGlobalSection
	GlobalSection(ProjectConfigurationPlatforms) = postSolution
		{52D0D1FF-E9E8-40D4-9CBF-E888E4396015}.Debug|x64.ActiveCfg = Debug|x64
		{52D0D1FF-E9E8-40D4-9CBF-E888E4396015}.Debug|x64.Build.0 = Debug|x64
		{52D0D1FF-E9E8-40D4-9CBF-E888E4396015}.Debug|x86.ActiveCfg = Debug|Win32
		{52D0D1FF-E9E8-40D4-9CBF-E888E4396015}.Debug|x86.Build.0 = Debug|Win32
		{52D0D1FF-E9E8-40D4-9CBF-E888E4396015}.Release|x64.ActiveCfg = Release|x64
		{52D0D1FF-E9E8-40D4-9CBF-E888E4396015}.Release|x64.Build.0 = Release|x64
		{52D0D1FF-E9E8-40D4-9CBF-E888E4396015}.Release|x86.ActiveCfg = Release|Win32
		{52D0D1FF-E9E8-40D4-9CBF-E888E4396015}.Release|x86.Build.0 = Release|Win32
	EndGlobalSection
	GlobalSection(SolutionProperties) = preSolution
		HideSolutionNode = FALSE
	EndGlobalSection
	GlobalSection(ExtensibilityGlobals) = postSolution
		SolutionGuid = {EB719591-28EC-4059-8745-16DFA2C76376}
	EndGlobalSection
EndGlobal
